{
  "pins" : [
    {
      "identity" : "mobile-buy-sdk-ios",
      "kind" : "remoteSourceControl",
      "location" : "https://github.com/Shopify/mobile-buy-sdk-ios.git",
      "state" : {
        "revision" : "5c76a102ceeb9ee89fb3d9a98723309dc097754b",
        "version" : "13.1.1"
      }
    }
  ],
  "version" : 2
}
