{
  "pins" : [
    {
      "identity" : "mobile-buy-sdk-ios",
      "kind" : "remoteSourceControl",
      "location" : "https://github.com/Shopify/mobile-buy-sdk-ios.git",
      "state" : {
        "revision" : "5517ba8113a82f35cc91eddd9567b2184796feb9",
        "version" : "13.0.0"
      }
    }
  ],
  "version" : 2
}
